
Microsoft Visual Studio Solution File, Format Version 12.00
# Visual Studio Version 16
VisualStudioVersion = 16.0.31424.327
MinimumVisualStudioVersion = 10.0.40219.1
Project("{FAE04EC0-301F-11D3-BF4B-00C04F79EFBC}") = "Shop", "Shop\Shop.csproj", "{BEF7B66C-017F-48AD-AEAB-8E11949808F0}"
EndProject
Global
	GlobalSection(SolutionConfigurationPlatforms) = preSolution
		Debug|Any CPU = Debug|Any CPU
		Release|Any CPU = Release|Any CPU
	EndGlobalSection
	GlobalSection(ProjectConfigurationPlatforms) = postSolution
		{BEF7B66C-017F-48AD-AEAB-8E11949808F0}.Debug|Any CPU.ActiveCfg = Debug|Any CPU
		{BEF7B66C-017F-48AD-AEAB-8E11949808F0}.Debug|Any CPU.Build.0 = Debug|Any CPU
		{BEF7B66C-017F-48AD-AEAB-8E11949808F0}.Release|Any CPU.ActiveCfg = Release|Any CPU
		{BEF7B66C-017F-48AD-AEAB-8E11949808F0}.Release|Any CPU.Build.0 = Release|Any CPU
	EndGlobalSection
	GlobalSection(SolutionProperties) = preSolution
		HideSolutionNode = FALSE
	EndGlobalSection
	GlobalSection(ExtensibilityGlobals) = postSolution
		SolutionGuid = {95324B47-416F-43DD-9064-234A06A309A7}
	EndGlobalSection
EndGlobal
